// !$*UTF8*$!
{
	archiveVersion = 1;
	classes = {
	};
	objectVersion = 56;
	objects = {

/* Begin PBXBuildFile section */
		4688ECC42BDFBCAA00657A57 /* NetworkLayerApp.swift in Sources */ = {isa = PBXBuildFile; fileRef = 4688ECC32BDFBCAA00657A57 /* NetworkLayerApp.swift */; };
		4688ECC62BDFBCAA00657A57 /* ContentView.swift in Sources */ = {isa = PBXBuildFile; fileRef = 4688ECC52BDFBCAA00657A57 /* ContentView.swift */; };
		4688ECC82BDFBCAA00657A57 /* Assets.xcassets in Resources */ = {isa = PBXBuildFile; fileRef = 4688ECC72BDFBCAA00657A57 /* Assets.xcassets */; };
		4688ECCB2BDFBCAA00657A57 /* Preview Assets.xcassets in Resources */ = {isa = PBXBuildFile; fileRef = 4688ECCA2BDFBCAA00657A57 /* Preview Assets.xcassets */; };
		4688ECD52BDFBCAB00657A57 /* NetworkLayerTests.swift in Sources */ = {isa = PBXBuildFile; fileRef = 4688ECD42BDFBCAB00657A57 /* NetworkLayerTests.swift */; };
		4688ECDF2BDFBCAB00657A57 /* NetworkLayerUITests.swift in Sources */ = {isa = PBXBuildFile; fileRef = 4688ECDE2BDFBCAB00657A57 /* NetworkLayerUITests.swift */; };
		4688ECE12BDFBCAB00657A57 /* NetworkLayerUITestsLaunchTests.swift in Sources */ = {isa = PBXBuildFile; fileRef = 4688ECE02BDFBCAB00657A57 /* NetworkLayerUITestsLaunchTests.swift */; };
/* End PBXBuildFile section */

/* Begin PBXContainerItemProxy section */
		4688ECD12BDFBCAB00657A57 /* PBXContainerItemProxy */ = {
			isa = PBXContainerItemProxy;
			containerPortal = 4688ECB82BDFBCAA00657A57 /* Project object */;
			proxyType = 1;
			remoteGlobalIDString = 4688ECBF2BDFBCAA00657A57;
			remoteInfo = NetworkLayer;
		};
		4688ECDB2BDFBCAB00657A57 /* PBXContainerItemProxy */ = {
			isa = PBXContainerItemProxy;
			containerPortal = 4688ECB82BDFBCAA00657A57 /* Project object */;
			proxyType = 1;
			remoteGlobalIDString = 4688ECBF2BDFBCAA00657A57;
			remoteInfo = NetworkLayer;
		};
/* End PBXContainerItemProxy section */

/* Begin PBXFileReference section */
		4688ECC02BDFBCAA00657A57 /* NetworkLayer.app */ = {isa = PBXFileReference; explicitFileType = wrapper.application; includeInIndex = 0; path = NetworkLayer.app; sourceTree = BUILT_PRODUCTS_DIR; };
		4688ECC32BDFBCAA00657A57 /* NetworkLayerApp.swift */ = {isa = PBXFileReference; lastKnownFileType = sourcecode.swift; path = NetworkLayerApp.swift; sourceTree = "<group>"; };
		4688ECC52BDFBCAA00657A57 /* ContentView.swift */ = {isa = PBXFileReference; lastKnownFileType = sourcecode.swift; path = ContentView.swift; sourceTree = "<group>"; };
		4688ECC72BDFBCAA00657A57 /* Assets.xcassets */ = {isa = PBXFileReference; lastKnownFileType = folder.assetcatalog; path = Assets.xcassets; sourceTree = "<group>"; };
		4688ECCA2BDFBCAA00657A57 /* Preview Assets.xcassets */ = {isa = PBXFileReference; lastKnownFileType = folder.assetcatalog; path = "Preview Assets.xcassets"; sourceTree = "<group>"; };
		4688ECD02BDFBCAB00657A57 /* NetworkLayerTests.xctest */ = {isa = PBXFileReference; explicitFileType = wrapper.cfbundle; includeInIndex = 0; path = NetworkLayerTests.xctest; sourceTree = BUILT_PRODUCTS_DIR; };
		4688ECD42BDFBCAB00657A57 /* NetworkLayerTests.swift */ = {isa = PBXFileReference; lastKnownFileType = sourcecode.swift; path = NetworkLayerTests.swift; sourceTree = "<group>"; };
		4688ECDA2BDFBCAB00657A57 /* NetworkLayerUITests.xctest */ = {isa = PBXFileReference; explicitFileType = wrapper.cfbundle; includeInIndex = 0; path = NetworkLayerUITests.xctest; sourceTree = BUILT_PRODUCTS_DIR; };
		4688ECDE2BDFBCAB00657A57 /* NetworkLayerUITests.swift */ = {isa = PBXFileReference; lastKnownFileType = sourcecode.swift; path = NetworkLayerUITests.swift; sourceTree = "<group>"; };
		4688ECE02BDFBCAB00657A57 /* NetworkLayerUITestsLaunchTests.swift */ = {isa = PBXFileReference; lastKnownFileType = sourcecode.swift; path = NetworkLayerUITestsLaunchTests.swift; sourceTree = "<group>"; };
/* End PBXFileReference section */

/* Begin PBXFrameworksBuildPhase section */
		4688ECBD2BDFBCAA00657A57 /* Frameworks */ = {
			isa = PBXFrameworksBuildPhase;
			buildActionMask = 2147483647;
			files = (
			);
			runOnlyForDeploymentPostprocessing = 0;
		};
		4688ECCD2BDFBCAB00657A57 /* Frameworks */ = {
			isa = PBXFrameworksBuildPhase;
			buildActionMask = 2147483647;
			files = (
			);
			runOnlyForDeploymentPostprocessing = 0;
		};
		4688ECD72BDFBCAB00657A57 /* Frameworks */ = {
			isa = PBXFrameworksBuildPhase;
			buildActionMask = 2147483647;
			files = (
			);
			runOnlyForDeploymentPostprocessing = 0;
		};
/* End PBXFrameworksBuildPhase section */

/* Begin PBXGroup section */
		4688ECB72BDFBCAA00657A57 = {
			isa = PBXGroup;
			children = (
				4688ECC22BDFBCAA00657A57 /* NetworkLayer */,
				4688ECD32BDFBCAB00657A57 /* NetworkLayerTests */,
				4688ECDD2BDFBCAB00657A57 /* NetworkLayerUITests */,
				4688ECC12BDFBCAA00657A57 /* Products */,
			);
			sourceTree = "<group>";
		};
		4688ECC12BDFBCAA00657A57 /* Products */ = {
			isa = PBXGroup;
			children = (
				4688ECC02BDFBCAA00657A57 /* NetworkLayer.app */,
				4688ECD02BDFBCAB00657A57 /* NetworkLayerTests.xctest */,
				4688ECDA2BDFBCAB00657A57 /* NetworkLayerUITests.xctest */,
			);
			name = Products;
			sourceTree = "<group>";
		};
		4688ECC22BDFBCAA00657A57 /* NetworkLayer */ = {
			isa = PBXGroup;
			children = (
				4688ECC32BDFBCAA00657A57 /* NetworkLayerApp.swift */,
				4688ECC52BDFBCAA00657A57 /* ContentView.swift */,
				4688ECC72BDFBCAA00657A57 /* Assets.xcassets */,
				4688ECC92BDFBCAA00657A57 /* Preview Content */,
			);
			path = NetworkLayer;
			sourceTree = "<group>";
		};
		4688ECC92BDFBCAA00657A57 /* Preview Content */ = {
			isa = PBXGroup;
			children = (
				4688ECCA2BDFBCAA00657A57 /* Preview Assets.xcassets */,
			);
			path = "Preview Content";
			sourceTree = "<group>";
		};
		4688ECD32BDFBCAB00657A57 /* NetworkLayerTests */ = {
			isa = PBXGroup;
			children = (
				4688ECD42BDFBCAB00657A57 /* NetworkLayerTests.swift */,
			);
			path = NetworkLayerTests;
			sourceTree = "<group>";
		};
		4688ECDD2BDFBCAB00657A57 /* NetworkLayerUITests */ = {
			isa = PBXGroup;
			children = (
				4688ECDE2BDFBCAB00657A57 /* NetworkLayerUITests.swift */,
				4688ECE02BDFBCAB00657A57 /* NetworkLayerUITestsLaunchTests.swift */,
			);
			path = NetworkLayerUITests;
			sourceTree = "<group>";
		};
/* End PBXGroup section */

/* Begin PBXNativeTarget section */
		4688ECBF2BDFBCAA00657A57 /* NetworkLayer */ = {
			isa = PBXNativeTarget;
			buildConfigurationList = 4688ECE42BDFBCAB00657A57 /* Build configuration list for PBXNativeTarget "NetworkLayer" */;
			buildPhases = (
				4688ECBC2BDFBCAA00657A57 /* Sources */,
				4688ECBD2BDFBCAA00657A57 /* Frameworks */,
				4688ECBE2BDFBCAA00657A57 /* Resources */,
			);
			buildRules = (
			);
			dependencies = (
			);
			name = NetworkLayer;
			productName = NetworkLayer;
			productReference = 4688ECC02BDFBCAA00657A57 /* NetworkLayer.app */;
			productType = "com.apple.product-type.application";
		};
		4688ECCF2BDFBCAB00657A57 /* NetworkLayerTests */ = {
			isa = PBXNativeTarget;
			buildConfigurationList = 4688ECE72BDFBCAB00657A57 /* Build configuration list for PBXNativeTarget "NetworkLayerTests" */;
			buildPhases = (
				4688ECCC2BDFBCAB00657A57 /* Sources */,
				4688ECCD2BDFBCAB00657A57 /* Frameworks */,
				4688ECCE2BDFBCAB00657A57 /* Resources */,
			);
			buildRules = (
			);
			dependencies = (
				4688ECD22BDFBCAB00657A57 /* PBXTargetDependency */,
			);
			name = NetworkLayerTests;
			productName = NetworkLayerTests;
			productReference = 4688ECD02BDFBCAB00657A57 /* NetworkLayerTests.xctest */;
			productType = "com.apple.product-type.bundle.unit-test";
		};
		4688ECD92BDFBCAB00657A57 /* NetworkLayerUITests */ = {
			isa = PBXNativeTarget;
			buildConfigurationList = 4688ECEA2BDFBCAB00657A57 /* Build configuration list for PBXNativeTarget "NetworkLayerUITests" */;
			buildPhases = (
				4688ECD62BDFBCAB00657A57 /* Sources */,
				4688ECD72BDFBCAB00657A57 /* Frameworks */,
				4688ECD82BDFBCAB00657A57 /* Resources */,
			);
			buildRules = (
			);
			dependencies = (
				4688ECDC2BDFBCAB00657A57 /* PBXTargetDependency */,
			);
			name = NetworkLayerUITests;
			productName = NetworkLayerUITests;
			productReference = 4688ECDA2BDFBCAB00657A57 /* NetworkLayerUITests.xctest */;
			productType = "com.apple.product-type.bundle.ui-testing";
		};
/* End PBXNativeTarget section */

/* Begin PBXProject section */
		4688ECB82BDFBCAA00657A57 /* Project object */ = {
			isa = PBXProject;
			attributes = {
				BuildIndependentTargetsInParallel = 1;
				LastSwiftUpdateCheck = 1530;
				LastUpgradeCheck = 1530;
				TargetAttributes = {
					4688ECBF2BDFBCAA00657A57 = {
						CreatedOnToolsVersion = 15.3;
					};
					4688ECCF2BDFBCAB00657A57 = {
						CreatedOnToolsVersion = 15.3;
						TestTargetID = 4688ECBF2BDFBCAA00657A57;
					};
					4688ECD92BDFBCAB00657A57 = {
						CreatedOnToolsVersion = 15.3;
						TestTargetID = 4688ECBF2BDFBCAA00657A57;
					};
				};
			};
			buildConfigurationList = 4688ECBB2BDFBCAA00657A57 /* Build configuration list for PBXProject "NetworkLayer" */;
			compatibilityVersion = "Xcode 14.0";
			developmentRegion = en;
			hasScannedForEncodings = 0;
			knownRegions = (
				en,
				Base,
			);
			mainGroup = 4688ECB72BDFBCAA00657A57;
			productRefGroup = 4688ECC12BDFBCAA00657A57 /* Products */;
			projectDirPath = "";
			projectRoot = "";
			targets = (
				4688ECBF2BDFBCAA00657A57 /* NetworkLayer */,
				4688ECCF2BDFBCAB00657A57 /* NetworkLayerTests */,
				4688ECD92BDFBCAB00657A57 /* NetworkLayerUITests */,
			);
		};
/* End PBXProject section */

/* Begin PBXResourcesBuildPhase section */
		4688ECBE2BDFBCAA00657A57 /* Resources */ = {
			isa = PBXResourcesBuildPhase;
			buildActionMask = 2147483647;
			files = (
				4688ECCB2BDFBCAA00657A57 /* Preview Assets.xcassets in Resources */,
				4688ECC82BDFBCAA00657A57 /* Assets.xcassets in Resources */,
			);
			runOnlyForDeploymentPostprocessing = 0;
		};
		4688ECCE2BDFBCAB00657A57 /* Resources */ = {
			isa = PBXResourcesBuildPhase;
			buildActionMask = 2147483647;
			files = (
			);
			runOnlyForDeploymentPostprocessing = 0;
		};
		4688ECD82BDFBCAB00657A57 /* Resources */ = {
			isa = PBXResourcesBuildPhase;
			buildActionMask = 2147483647;
			files = (
			);
			runOnlyForDeploymentPostprocessing = 0;
		};
/* End PBXResourcesBuildPhase section */

/* Begin PBXSourcesBuildPhase section */
		4688ECBC2BDFBCAA00657A57 /* Sources */ = {
			isa = PBXSourcesBuildPhase;
			buildActionMask = 2147483647;
			files = (
				4688ECC62BDFBCAA00657A57 /* ContentView.swift in Sources */,
				4688ECC42BDFBCAA00657A57 /* NetworkLayerApp.swift in Sources */,
			);
			runOnlyForDeploymentPostprocessing = 0;
		};
		4688ECCC2BDFBCAB00657A57 /* Sources */ = {
			isa = PBXSourcesBuildPhase;
			buildActionMask = 2147483647;
			files = (
				4688ECD52BDFBCAB00657A57 /* NetworkLayerTests.swift in Sources */,
			);
			runOnlyForDeploymentPostprocessing = 0;
		};
		4688ECD62BDFBCAB00657A57 /* Sources */ = {
			isa = PBXSourcesBuildPhase;
			buildActionMask = 2147483647;
			files = (
				4688ECDF2BDFBCAB00657A57 /* NetworkLayerUITests.swift in Sources */,
				4688ECE12BDFBCAB00657A57 /* NetworkLayerUITestsLaunchTests.swift in Sources */,
			);
			runOnlyForDeploymentPostprocessing = 0;
		};
/* End PBXSourcesBuildPhase section */

/* Begin PBXTargetDependency section */
		4688ECD22BDFBCAB00657A57 /* PBXTargetDependency */ = {
			isa = PBXTargetDependency;
			target = 4688ECBF2BDFBCAA00657A57 /* NetworkLayer */;
			targetProxy = 4688ECD12BDFBCAB00657A57 /* PBXContainerItemProxy */;
		};
		4688ECDC2BDFBCAB00657A57 /* PBXTargetDependency */ = {
			isa = PBXTargetDependency;
			target = 4688ECBF2BDFBCAA00657A57 /* NetworkLayer */;
			targetProxy = 4688ECDB2BDFBCAB00657A57 /* PBXContainerItemProxy */;
		};
/* End PBXTargetDependency section */

/* Begin XCBuildConfiguration section */
		4688ECE22BDFBCAB00657A57 /* Debug */ = {
			isa = XCBuildConfiguration;
			buildSettings = {
				ALWAYS_SEARCH_USER_PATHS = NO;
				ASSETCATALOG_COMPILER_GENERATE_SWIFT_ASSET_SYMBOL_EXTENSIONS = YES;
				CLANG_ANALYZER_NONNULL = YES;
				CLANG_ANALYZER_NUMBER_OBJECT_CONVERSION = YES_AGGRESSIVE;
				CLANG_CXX_LANGUAGE_STANDARD = "gnu++20";
				CLANG_ENABLE_MODULES = YES;
				CLANG_ENABLE_OBJC_ARC = YES;
				CLANG_ENABLE_OBJC_WEAK = YES;
				CLANG_WARN_BLOCK_CAPTURE_AUTORELEASING = YES;
				CLANG_WARN_BOOL_CONVERSION = YES;
				CLANG_WARN_COMMA = YES;
				CLANG_WARN_CONSTANT_CONVERSION = YES;
				CLANG_WARN_DEPRECATED_OBJC_IMPLEMENTATIONS = YES;
				CLANG_WARN_DIRECT_OBJC_ISA_USAGE = YES_ERROR;
				CLANG_WARN_DOCUMENTATION_COMMENTS = YES;
				CLANG_WARN_EMPTY_BODY = YES;
				CLANG_WARN_ENUM_CONVERSION = YES;
				CLANG_WARN_INFINITE_RECURSION = YES;
				CLANG_WARN_INT_CONVERSION = YES;
				CLANG_WARN_NON_LITERAL_NULL_CONVERSION = YES;
				CLANG_WARN_OBJC_IMPLICIT_RETAIN_SELF = YES;
				CLANG_WARN_OBJC_LITERAL_CONVERSION = YES;
				CLANG_WARN_OBJC_ROOT_CLASS = YES_ERROR;
				CLANG_WARN_QUOTED_INCLUDE_IN_FRAMEWORK_HEADER = YES;
				CLANG_WARN_RANGE_LOOP_ANALYSIS = YES;
				CLANG_WARN_STRICT_PROTOTYPES = YES;
				CLANG_WARN_SUSPICIOUS_MOVE = YES;
				CLANG_WARN_UNGUARDED_AVAILABILITY = YES_AGGRESSIVE;
				CLANG_WARN_UNREACHABLE_CODE = YES;
				CLANG_WARN__DUPLICATE_METHOD_MATCH = YES;
				COPY_PHASE_STRIP = NO;
				DEBUG_INFORMATION_FORMAT = dwarf;
				ENABLE_STRICT_OBJC_MSGSEND = YES;
				ENABLE_TESTABILITY = YES;
				ENABLE_USER_SCRIPT_SANDBOXING = YES;
				GCC_C_LANGUAGE_STANDARD = gnu17;
				GCC_DYNAMIC_NO_PIC = NO;
				GCC_NO_COMMON_BLOCKS = YES;
				GCC_OPTIMIZATION_LEVEL = 0;
				GCC_PREPROCESSOR_DEFINITIONS = (
					"DEBUG=1",
					"$(inherited)",
				);
				GCC_WARN_64_TO_32_BIT_CONVERSION = YES;
				GCC_WARN_ABOUT_RETURN_TYPE = YES_ERROR;
				GCC_WARN_UNDECLARED_SELECTOR = YES;
				GCC_WARN_UNINITIALIZED_AUTOS = YES_AGGRESSIVE;
				GCC_WARN_UNUSED_FUNCTION = YES;
				GCC_WARN_UNUSED_VARIABLE = YES;
				IPHONEOS_DEPLOYMENT_TARGET = 17.4;
				LOCALIZATION_PREFERS_STRING_CATALOGS = YES;
				MTL_ENABLE_DEBUG_INFO = INCLUDE_SOURCE;
				MTL_FAST_MATH = YES;
				ONLY_ACTIVE_ARCH = YES;
				SDKROOT = iphoneos;
				SWIFT_ACTIVE_COMPILATION_CONDITIONS = "DEBUG $(inherited)";
				SWIFT_OPTIMIZATION_LEVEL = "-Onone";
			};
			name = Debug;
		};
		4688ECE32BDFBCAB00657A57 /* Release */ = {
			isa = XCBuildConfiguration;
			buildSettings = {
				ALWAYS_SEARCH_USER_PATHS = NO;
				ASSETCATALOG_COMPILER_GENERATE_SWIFT_ASSET_SYMBOL_EXTENSIONS = YES;
				CLANG_ANALYZER_NONNULL = YES;
				CLANG_ANALYZER_NUMBER_OBJECT_CONVERSION = YES_AGGRESSIVE;
				CLANG_CXX_LANGUAGE_STANDARD = "gnu++20";
				CLANG_ENABLE_MODULES = YES;
				CLANG_ENABLE_OBJC_ARC = YES;
				CLANG_ENABLE_OBJC_WEAK = YES;
				CLANG_WARN_BLOCK_CAPTURE_AUTORELEASING = YES;
				CLANG_WARN_BOOL_CONVERSION = YES;
				CLANG_WARN_COMMA = YES;
				CLANG_WARN_CONSTANT_CONVERSION = YES;
				CLANG_WARN_DEPRECATED_OBJC_IMPLEMENTATIONS = YES;
				CLANG_WARN_DIRECT_OBJC_ISA_USAGE = YES_ERROR;
				CLANG_WARN_DOCUMENTATION_COMMENTS = YES;
				CLANG_WARN_EMPTY_BODY = YES;
				CLANG_WARN_ENUM_CONVERSION = YES;
				CLANG_WARN_INFINITE_RECURSION = YES;
				CLANG_WARN_INT_CONVERSION = YES;
				CLANG_WARN_NON_LITERAL_NULL_CONVERSION = YES;
				CLANG_WARN_OBJC_IMPLICIT_RETAIN_SELF = YES;
				CLANG_WARN_OBJC_LITERAL_CONVERSION = YES;
				CLANG_WARN_OBJC_ROOT_CLASS = YES_ERROR;
				CLANG_WARN_QUOTED_INCLUDE_IN_FRAMEWORK_HEADER = YES;
				CLANG_WARN_RANGE_LOOP_ANALYSIS = YES;
				CLANG_WARN_STRICT_PROTOTYPES = YES;
				CLANG_WARN_SUSPICIOUS_MOVE = YES;
				CLANG_WARN_UNGUARDED_AVAILABILITY = YES_AGGRESSIVE;
				CLANG_WARN_UNREACHABLE_CODE = YES;
				CLANG_WARN__DUPLICATE_METHOD_MATCH = YES;
				COPY_PHASE_STRIP = NO;
				DEBUG_INFORMATION_FORMAT = "dwarf-with-dsym";
				ENABLE_NS_ASSERTIONS = NO;
				ENABLE_STRICT_OBJC_MSGSEND = YES;
				ENABLE_USER_SCRIPT_SANDBOXING = YES;
				GCC_C_LANGUAGE_STANDARD = gnu17;
				GCC_NO_COMMON_BLOCKS = YES;
				GCC_WARN_64_TO_32_BIT_CONVERSION = YES;
				GCC_WARN_ABOUT_RETURN_TYPE = YES_ERROR;
				GCC_WARN_UNDECLARED_SELECTOR = YES;
				GCC_WARN_UNINITIALIZED_AUTOS = YES_AGGRESSIVE;
				GCC_WARN_UNUSED_FUNCTION = YES;
				GCC_WARN_UNUSED_VARIABLE = YES;
				IPHONEOS_DEPLOYMENT_TARGET = 17.4;
				LOCALIZATION_PREFERS_STRING_CATALOGS = YES;
				MTL_ENABLE_DEBUG_INFO = NO;
				MTL_FAST_MATH = YES;
				SDKROOT = iphoneos;
				SWIFT_COMPILATION_MODE = wholemodule;
				VALIDATE_PRODUCT = YES;
			};
			name = Release;
		};
		4688ECE52BDFBCAB00657A57 /* Debug */ = {
			isa = XCBuildConfiguration;
			buildSettings = {
				ASSETCATALOG_COMPILER_APPICON_NAME = AppIcon;
				ASSETCATALOG_COMPILER_GLOBAL_ACCENT_COLOR_NAME = AccentColor;
				CODE_SIGN_STYLE = Automatic;
				CURRENT_PROJECT_VERSION = 1;
				DEVELOPMENT_ASSET_PATHS = "\"NetworkLayer/Preview Content\"";
				DEVELOPMENT_TEAM = 4UZK2DCNHA;
				ENABLE_PREVIEWS = YES;
				GENERATE_INFOPLIST_FILE = YES;
				INFOPLIST_KEY_UIApplicationSceneManifest_Generation = YES;
				INFOPLIST_KEY_UIApplicationSupportsIndirectInputEvents = YES;
				INFOPLIST_KEY_UILaunchScreen_Generation = YES;
				INFOPLIST_KEY_UISupportedInterfaceOrientations_iPad = "UIInterfaceOrientationPortrait UIInterfaceOrientationPortraitUpsideDown UIInterfaceOrientationLandscapeLeft UIInterfaceOrientationLandscapeRight";
				INFOPLIST_KEY_UISupportedInterfaceOrientations_iPhone = "UIInterfaceOrientationPortrait UIInterfaceOrientationLandscapeLeft UIInterfaceOrientationLandscapeRight";
				LD_RUNPATH_SEARCH_PATHS = (
					"$(inherited)",
					"@executable_path/Frameworks",
				);
				MARKETING_VERSION = 1.0;
				PRODUCT_BUNDLE_IDENTIFIER = OCloudLabs.NetworkLayer;
				PRODUCT_NAME = "$(TARGET_NAME)";
				SWIFT_EMIT_LOC_STRINGS = YES;
				SWIFT_VERSION = 5.0;
				TARGETED_DEVICE_FAMILY = "1,2";
			};
			name = Debug;
		};
		4688ECE62BDFBCAB00657A57 /* Release */ = {
			isa = XCBuildConfiguration;
			buildSettings = {
				ASSETCATALOG_COMPILER_APPICON_NAME = AppIcon;
				ASSETCATALOG_COMPILER_GLOBAL_ACCENT_COLOR_NAME = AccentColor;
				CODE_SIGN_STYLE = Automatic;
				CURRENT_PROJECT_VERSION = 1;
				DEVELOPMENT_ASSET_PATHS = "\"NetworkLayer/Preview Content\"";
				DEVELOPMENT_TEAM = 4UZK2DCNHA;
				ENABLE_PREVIEWS = YES;
				GENERATE_INFOPLIST_FILE = YES;
				INFOPLIST_KEY_UIApplicationSceneManifest_Generation = YES;
				INFOPLIST_KEY_UIApplicationSupportsIndirectInputEvents = YES;
				INFOPLIST_KEY_UILaunchScreen_Generation = YES;
				INFOPLIST_KEY_UISupportedInterfaceOrientations_iPad = "UIInterfaceOrientationPortrait UIInterfaceOrientationPortraitUpsideDown UIInterfaceOrientationLandscapeLeft UIInterfaceOrientationLandscapeRight";
				INFOPLIST_KEY_UISupportedInterfaceOrientations_iPhone = "UIInterfaceOrientationPortrait UIInterfaceOrientationLandscapeLeft UIInterfaceOrientationLandscapeRight";
				LD_RUNPATH_SEARCH_PATHS = (
					"$(inherited)",
					"@executable_path/Frameworks",
				);
				MARKETING_VERSION = 1.0;
				PRODUCT_BUNDLE_IDENTIFIER = OCloudLabs.NetworkLayer;
				PRODUCT_NAME = "$(TARGET_NAME)";
				SWIFT_EMIT_LOC_STRINGS = YES;
				SWIFT_VERSION = 5.0;
				TARGETED_DEVICE_FAMILY = "1,2";
			};
			name = Release;
		};
		4688ECE82BDFBCAB00657A57 /* Debug */ = {
			isa = XCBuildConfiguration;
			buildSettings = {
				ALWAYS_EMBED_SWIFT_STANDARD_LIBRARIES = YES;
				BUNDLE_LOADER = "$(TEST_HOST)";
				CODE_SIGN_STYLE = Automatic;
				CURRENT_PROJECT_VERSION = 1;
				DEVELOPMENT_TEAM = 4UZK2DCNHA;
				GENERATE_INFOPLIST_FILE = YES;
				IPHONEOS_DEPLOYMENT_TARGET = 17.4;
				MARKETING_VERSION = 1.0;
				PRODUCT_BUNDLE_IDENTIFIER = OCloudLabs.NetworkLayerTests;
				PRODUCT_NAME = "$(TARGET_NAME)";
				SWIFT_EMIT_LOC_STRINGS = NO;
				SWIFT_VERSION = 5.0;
				TARGETED_DEVICE_FAMILY = "1,2";
				TEST_HOST = "$(BUILT_PRODUCTS_DIR)/NetworkLayer.app/$(BUNDLE_EXECUTABLE_FOLDER_PATH)/NetworkLayer";
			};
			name = Debug;
		};
		4688ECE92BDFBCAB00657A57 /* Release */ = {
			isa = XCBuildConfiguration;
			buildSettings = {
				ALWAYS_EMBED_SWIFT_STANDARD_LIBRARIES = YES;
				BUNDLE_LOADER = "$(TEST_HOST)";
				CODE_SIGN_STYLE = Automatic;
				CURRENT_PROJECT_VERSION = 1;
				DEVELOPMENT_TEAM = 4UZK2DCNHA;
				GENERATE_INFOPLIST_FILE = YES;
				IPHONEOS_DEPLOYMENT_TARGET = 17.4;
				MARKETING_VERSION = 1.0;
				PRODUCT_BUNDLE_IDENTIFIER = OCloudLabs.NetworkLayerTests;
				PRODUCT_NAME = "$(TARGET_NAME)";
				SWIFT_EMIT_LOC_STRINGS = NO;
				SWIFT_VERSION = 5.0;
				TARGETED_DEVICE_FAMILY = "1,2";
				TEST_HOST = "$(BUILT_PRODUCTS_DIR)/NetworkLayer.app/$(BUNDLE_EXECUTABLE_FOLDER_PATH)/NetworkLayer";
			};
			name = Release;
		};
		4688ECEB2BDFBCAB00657A57 /* Debug */ = {
			isa = XCBuildConfiguration;
			buildSettings = {
				ALWAYS_EMBED_SWIFT_STANDARD_LIBRARIES = YES;
				CODE_SIGN_STYLE = Automatic;
				CURRENT_PROJECT_VERSION = 1;
				DEVELOPMENT_TEAM = 4UZK2DCNHA;
				GENERATE_INFOPLIST_FILE = YES;
				MARKETING_VERSION = 1.0;
				PRODUCT_BUNDLE_IDENTIFIER = OCloudLabs.NetworkLayerUITests;
				PRODUCT_NAME = "$(TARGET_NAME)";
				SWIFT_EMIT_LOC_STRINGS = NO;
				SWIFT_VERSION = 5.0;
				TARGETED_DEVICE_FAMILY = "1,2";
				TEST_TARGET_NAME = NetworkLayer;
			};
			name = Debug;
		};
		4688ECEC2BDFBCAB00657A57 /* Release */ = {
			isa = XCBuildConfiguration;
			buildSettings = {
				ALWAYS_EMBED_SWIFT_STANDARD_LIBRARIES = YES;
				CODE_SIGN_STYLE = Automatic;
				CURRENT_PROJECT_VERSION = 1;
				DEVELOPMENT_TEAM = 4UZK2DCNHA;
				GENERATE_INFOPLIST_FILE = YES;
				MARKETING_VERSION = 1.0;
				PRODUCT_BUNDLE_IDENTIFIER = OCloudLabs.NetworkLayerUITests;
				PRODUCT_NAME = "$(TARGET_NAME)";
				SWIFT_EMIT_LOC_STRINGS = NO;
				SWIFT_VERSION = 5.0;
				TARGETED_DEVICE_FAMILY = "1,2";
				TEST_TARGET_NAME = NetworkLayer;
			};
			name = Release;
		};
/* End XCBuildConfiguration section */

/* Begin XCConfigurationList section */
		4688ECBB2BDFBCAA00657A57 /* Build configuration list for PBXProject "NetworkLayer" */ = {
			isa = XCConfigurationList;
			buildConfigurations = (
				4688ECE22BDFBCAB00657A57 /* Debug */,
				4688ECE32BDFBCAB00657A57 /* Release */,
			);
			defaultConfigurationIsVisible = 0;
			defaultConfigurationName = Release;
		};
		4688ECE42BDFBCAB00657A57 /* Build configuration list for PBXNativeTarget "NetworkLayer" */ = {
			isa = XCConfigurationList;
			buildConfigurations = (
				4688ECE52BDFBCAB00657A57 /* Debug */,
				4688ECE62BDFBCAB00657A57 /* Release */,
			);
			defaultConfigurationIsVisible = 0;
			defaultConfigurationName = Release;
		};
		4688ECE72BDFBCAB00657A57 /* Build configuration list for PBXNativeTarget "NetworkLayerTests" */ = {
			isa = XCConfigurationList;
			buildConfigurations = (
				4688ECE82BDFBCAB00657A57 /* Debug */,
				4688ECE92BDFBCAB00657A57 /* Release */,
			);
			defaultConfigurationIsVisible = 0;
			defaultConfigurationName = Release;
		};
		4688ECEA2BDFBCAB00657A57 /* Build configuration list for PBXNativeTarget "NetworkLayerUITests" */ = {
			isa = XCConfigurationList;
			buildConfigurations = (
				4688ECEB2BDFBCAB00657A57 /* Debug */,
				4688ECEC2BDFBCAB00657A57 /* Release */,
			);
			defaultConfigurationIsVisible = 0;
			defaultConfigurationName = Release;
		};
/* End XCConfigurationList section */
	};
	rootObject = 4688ECB82BDFBCAA00657A57 /* Project object */;
}
